
Microsoft Visual Studio Solution File, Format Version 12.00
# Visual Studio Version 17
VisualStudioVersion = 17.3.32922.545
MinimumVisualStudioVersion = 10.0.40219.1
Project("{9A19103F-16F7-4668-BE54-9A1E7A4F7556}") = "BlazorSodium.Demo", "BlazorSodium.Demo\BlazorSodium.Demo.csproj", "{40E75949-0E56-4BBA-A7F1-D6ED9C7DFB3D}"
EndProject
Project("{9A19103F-16F7-4668-BE54-9A1E7A4F7556}") = "BlazorSodium", "BlazorSodium\BlazorSodium.csproj", "{0F315DE4-C18A-420E-A62F-0E25A05FB88B}"
EndProject
Global
	GlobalSection(SolutionConfigurationPlatforms) = preSolution
		Debug|Any CPU = Debug|Any CPU
		Release|Any CPU = Release|Any CPU
	EndGlobalSection
	GlobalSection(ProjectConfigurationPlatforms) = postSolution
		{40E75949-0E56-4BBA-A7F1-D6ED9C7DFB3D}.Debug|Any CPU.ActiveCfg = Debug|Any CPU
		{40E75949-0E56-4BBA-A7F1-D6ED9C7DFB3D}.Debug|Any CPU.Build.0 = Debug|Any CPU
		{40E75949-0E56-4BBA-A7F1-D6ED9C7DFB3D}.Release|Any CPU.ActiveCfg = Release|Any CPU
		{40E75949-0E56-4BBA-A7F1-D6ED9C7DFB3D}.Release|Any CPU.Build.0 = Release|Any CPU
		{0F315DE4-C18A-420E-A62F-0E25A05FB88B}.Debug|Any CPU.ActiveCfg = Debug|Any CPU
		{0F315DE4-C18A-420E-A62F-0E25A05FB88B}.Debug|Any CPU.Build.0 = Debug|Any CPU
		{0F315DE4-C18A-420E-A62F-0E25A05FB88B}.Release|Any CPU.ActiveCfg = Release|Any CPU
		{0F315DE4-C18A-420E-A62F-0E25A05FB88B}.Release|Any CPU.Build.0 = Release|Any CPU
	EndGlobalSection
	GlobalSection(SolutionProperties) = preSolution
		HideSolutionNode = FALSE
	EndGlobalSection
	GlobalSection(ExtensibilityGlobals) = postSolution
		SolutionGuid = {B4A3F2A2-E982-4A0D-BFB9-D1C5EDB14247}
	EndGlobalSection
EndGlobal
